
Microsoft Visual Studio Solution File, Format Version 12.00
Project("{FAE04EC0-301F-11D3-BF4B-00C04F79EFBC}") = "API", "API\API.csproj", "{92D97D6D-E1DF-4C70-A22F-62F0429FD110}"
EndProject
Global
	GlobalSection(SolutionConfigurationPlatforms) = preSolution
		Debug|Any CPU = Debug|Any CPU
		Release|Any CPU = Release|Any CPU
	EndGlobalSection
	GlobalSection(ProjectConfigurationPlatforms) = postSolution
		{92D97D6D-E1DF-4C70-A22F-62F0429FD110}.Debug|Any CPU.ActiveCfg = Debug|Any CPU
		{92D97D6D-E1DF-4C70-A22F-62F0429FD110}.Debug|Any CPU.Build.0 = Debug|Any CPU
		{92D97D6D-E1DF-4C70-A22F-62F0429FD110}.Release|Any CPU.ActiveCfg = Release|Any CPU
		{92D97D6D-E1DF-4C70-A22F-62F0429FD110}.Release|Any CPU.Build.0 = Release|Any CPU
	EndGlobalSection
EndGlobal
